
Microsoft Visual Studio Solution File, Format Version 11.00
# Visual Studio 2010
Project("{8BC9CEB8-8B4A-11D0-8D11-00A0C91BC942}") = "project 64_01", "project 64_01\project 64_01.vcxproj", "{CC235862-F723-401F-B93E-B12F60CDEBC1}"
EndProject
Project("{8BC9CEB8-8B4A-11D0-8D11-00A0C91BC942}") = "project 65_01", "project 65_01\project 65_01.vcxproj", "{617F09BA-5338-46FE-84C0-BC4F19B8220F}"
EndProject
Project("{8BC9CEB8-8B4A-11D0-8D11-00A0C91BC942}") = "project 66_01", "project 66_01\project 66_01.vcxproj", "{81AC617C-D9A5-4D91-BE17-5253DEFFCD11}"
EndProject
Project("{8BC9CEB8-8B4A-11D0-8D11-00A0C91BC942}") = "project 67_01", "project 67_01\project 67_01.vcxproj", "{DEE260BE-EB04-454A-96D8-9754ED418847}"
EndProject
Project("{8BC9CEB8-8B4A-11D0-8D11-00A0C91BC942}") = "Project 68_01", "Project 68_01\Project 68_01.vcxproj", "{A501C3E0-14F4-4C32-9EE5-191E7E457CCA}"
EndProject
Project("{8BC9CEB8-8B4A-11D0-8D11-00A0C91BC942}") = "Project 69_01", "Project 69_01\Project 69_01.vcxproj", "{0C8DFA3F-EE11-42AC-AF8C-3764D168387E}"
EndProject
Project("{8BC9CEB8-8B4A-11D0-8D11-00A0C91BC942}") = "Project 70_01", "Project 70_01\Project 70_01.vcxproj", "{3D3359EA-929A-4097-9F9A-7615D399D487}"
EndProject
Project("{8BC9CEB8-8B4A-11D0-8D11-00A0C91BC942}") = "Project 71_01", "Project 71_01\Project 71_01.vcxproj", "{03A8E553-F915-4443-B2DC-6E6E3372639A}"
EndProject
Global
	GlobalSection(SolutionConfigurationPlatforms) = preSolution
		Debug|Win32 = Debug|Win32
		Release|Win32 = Release|Win32
	EndGlobalSection
	GlobalSection(ProjectConfigurationPlatforms) = postSolution
		{CC235862-F723-401F-B93E-B12F60CDEBC1}.Debug|Win32.ActiveCfg = Debug|Win32
		{CC235862-F723-401F-B93E-B12F60CDEBC1}.Debug|Win32.Build.0 = Debug|Win32
		{CC235862-F723-401F-B93E-B12F60CDEBC1}.Release|Win32.ActiveCfg = Release|Win32
		{CC235862-F723-401F-B93E-B12F60CDEBC1}.Release|Win32.Build.0 = Release|Win32
		{617F09BA-5338-46FE-84C0-BC4F19B8220F}.Debug|Win32.ActiveCfg = Debug|Win32
		{617F09BA-5338-46FE-84C0-BC4F19B8220F}.Debug|Win32.Build.0 = Debug|Win32
		{617F09BA-5338-46FE-84C0-BC4F19B8220F}.Release|Win32.ActiveCfg = Release|Win32
		{617F09BA-5338-46FE-84C0-BC4F19B8220F}.Release|Win32.Build.0 = Release|Win32
		{81AC617C-D9A5-4D91-BE17-5253DEFFCD11}.Debug|Win32.ActiveCfg = Debug|Win32
		{81AC617C-D9A5-4D91-BE17-5253DEFFCD11}.Debug|Win32.Build.0 = Debug|Win32
		{81AC617C-D9A5-4D91-BE17-5253DEFFCD11}.Release|Win32.ActiveCfg = Release|Win32
		{81AC617C-D9A5-4D91-BE17-5253DEFFCD11}.Release|Win32.Build.0 = Release|Win32
		{DEE260BE-EB04-454A-96D8-9754ED418847}.Debug|Win32.ActiveCfg = Debug|Win32
		{DEE260BE-EB04-454A-96D8-9754ED418847}.Debug|Win32.Build.0 = Debug|Win32
		{DEE260BE-EB04-454A-96D8-9754ED418847}.Release|Win32.ActiveCfg = Release|Win32
		{DEE260BE-EB04-454A-96D8-9754ED418847}.Release|Win32.Build.0 = Release|Win32
		{A501C3E0-14F4-4C32-9EE5-191E7E457CCA}.Debug|Win32.ActiveCfg = Debug|Win32
		{A501C3E0-14F4-4C32-9EE5-191E7E457CCA}.Debug|Win32.Build.0 = Debug|Win32
		{A501C3E0-14F4-4C32-9EE5-191E7E457CCA}.Release|Win32.ActiveCfg = Release|Win32
		{A501C3E0-14F4-4C32-9EE5-191E7E457CCA}.Release|Win32.Build.0 = Release|Win32
		{0C8DFA3F-EE11-42AC-AF8C-3764D168387E}.Debug|Win32.ActiveCfg = Debug|Win32
		{0C8DFA3F-EE11-42AC-AF8C-3764D168387E}.Debug|Win32.Build.0 = Debug|Win32
		{0C8DFA3F-EE11-42AC-AF8C-3764D168387E}.Release|Win32.ActiveCfg = Release|Win32
		{0C8DFA3F-EE11-42AC-AF8C-3764D168387E}.Release|Win32.Build.0 = Release|Win32
		{3D3359EA-929A-4097-9F9A-7615D399D487}.Debug|Win32.ActiveCfg = Debug|Win32
		{3D3359EA-929A-4097-9F9A-7615D399D487}.Debug|Win32.Build.0 = Debug|Win32
		{3D3359EA-929A-4097-9F9A-7615D399D487}.Release|Win32.ActiveCfg = Release|Win32
		{3D3359EA-929A-4097-9F9A-7615D399D487}.Release|Win32.Build.0 = Release|Win32
		{03A8E553-F915-4443-B2DC-6E6E3372639A}.Debug|Win32.ActiveCfg = Debug|Win32
		{03A8E553-F915-4443-B2DC-6E6E3372639A}.Debug|Win32.Build.0 = Debug|Win32
		{03A8E553-F915-4443-B2DC-6E6E3372639A}.Release|Win32.ActiveCfg = Release|Win32
		{03A8E553-F915-4443-B2DC-6E6E3372639A}.Release|Win32.Build.0 = Release|Win32
	EndGlobalSection
	GlobalSection(SolutionProperties) = preSolution
		HideSolutionNode = FALSE
	EndGlobalSection
EndGlobal
