<?xml version="1.0" encoding="utf-8"?>
<Project ToolsVersion="4.0" xmlns="http://schemas.microsoft.com/developer/msbuild/2003">
  <ItemGroup>
    <Filter Include="Source Files">
      <UniqueIdentifier>{4FC737F1-C7A5-4376-A066-2A32D752A2FF}</UniqueIdentifier>
      <Extensions>cpp;c;cc;cxx;def;odl;idl;hpj;bat;asm;asmx</Extensions>
    </Filter>
    <Filter Include="Header Files">
      <UniqueIdentifier>{93995380-89BD-4b04-88EB-625FBE52EBFB}</UniqueIdentifier>
      <Extensions>h;hpp;hxx;hm;inl;inc;xsd</Extensions>
    </Filter>
    <Filter Include="Resource Files">
      <UniqueIdentifier>{67DA6AB6-F800-4c08-8B7A-83BB121AAD01}</UniqueIdentifier>
      <Extensions>rc;ico;cur;bmp;dlg;rc2;rct;bin;rgs;gif;jpg;jpeg;jpe;resx;tiff;tif;png;wav;mfcribbon-ms</Extensions>
    </Filter>
    <Filter Include="Shaders and JSON files">
      <UniqueIdentifier>{07001742-4a94-40e6-9fd0-4bde6ceb4826}</UniqueIdentifier>
    </Filter>
    <Filter Include="Unused files">
      <UniqueIdentifier>{e625c5f9-077a-4d6f-b969-de5f30f42469}</UniqueIdentifier>
    </Filter>
  </ItemGroup>
  <ItemGroup>
    <None Include="alpha3.jpg">
      <Filter>Resource Files</Filter>
    </None>
    <None Include="alphamap1.png">
      <Filter>Resource Files</Filter>
    </None>
    <None Include="alphamap2.png">
      <Filter>Resource Files</Filter>
    </None>
    <None Include="brick.jpg">
      <Filter>Resource Files</Filter>
    </None>
    <None Include="brick2.jpg">
      <Filter>Resource Files</Filter>
    </None>
    <None Include="brick3.jpg">
      <Filter>Resource Files</Filter>
    </None>
    <None Include="brick4.jpg">
      <Filter>Resource Files</Filter>
    </None>
    <None Include="brick5.jpg">
      <Filter>Resource Files</Filter>
    </None>
    <None Include="chair.jpg">
      <Filter>Resource Files</Filter>
    </None>
    <None Include="darkWood.jpg">
      <Filter>Resource Files</Filter>
    </None>
    <None Include="grass.jpg">
      <Filter>Resource Files</Filter>
    </None>
    <None Include="star.jpg">
      <Filter>Resource Files</Filter>
    </None>
    <None Include="steele.jpg">
      <Filter>Resource Files</Filter>
    </None>
    <None Include="tree.jpg">
      <Filter>Resource Files</Filter>
    </None>
    <None Include="trunk.JPG">
      <Filter>Resource Files</Filter>
    </None>
    <None Include="trunk2.JPG">
      <Filter>Resource Files</Filter>
    </None>
    <None Include="water.jpg">
      <Filter>Resource Files</Filter>
    </None>
    <None Include="whiteWood.jpg">
      <Filter>Resource Files</Filter>
    </None>
    <None Include="wood.jpg">
      <Filter>Resource Files</Filter>
    </None>
    <None Include="xneg.png">
      <Filter>Resource Files</Filter>
    </None>
    <None Include="xpos.png">
      <Filter>Resource Files</Filter>
    </None>
    <None Include="yneg.png">
      <Filter>Resource Files</Filter>
    </None>
    <None Include="ypos.png">
      <Filter>Resource Files</Filter>
    </None>
    <None Include="zneg.png">
      <Filter>Resource Files</Filter>
    </None>
    <None Include="zpos.png">
      <Filter>Resource Files</Filter>
    </None>
    <None Include="Greyscale.frag">
      <Filter>Shaders and JSON files</Filter>
    </None>
    <None Include="lit_blended.frag">
      <Filter>Shaders and JSON files</Filter>
    </None>
    <None Include="lit_blended.vert">
      <Filter>Shaders and JSON files</Filter>
    </None>
    <None Include="lit_textured.frag">
      <Filter>Shaders and JSON files</Filter>
    </None>
    <None Include="lit_textured.vert">
      <Filter>Shaders and JSON files</Filter>
    </None>
    <None Include="point_light.frag">
      <Filter>Shaders and JSON files</Filter>
    </None>
    <None Include="post_process.frag">
      <Filter>Shaders and JSON files</Filter>
    </None>
    <None Include="post_process.vert">
      <Filter>Shaders and JSON files</Filter>
    </None>
    <None Include="skybox.frag">
      <Filter>Shaders and JSON files</Filter>
    </None>
    <None Include="skybox.vert">
      <Filter>Shaders and JSON files</Filter>
    </None>
    <None Include="spot_light.frag">
      <Filter>Shaders and JSON files</Filter>
    </None>
    <None Include="TableAndChairs.json">
      <Filter>Shaders and JSON files</Filter>
    </None>
    <None Include="blend.frag">
      <Filter>Unused files</Filter>
    </None>
    <None Include="enviroemtn_map.frag">
      <Filter>Unused files</Filter>
    </None>
    <None Include="enviroment_map.vert">
      <Filter>Unused files</Filter>
    </None>
    <None Include="lighting.frag">
      <Filter>Unused files</Filter>
    </None>
    <None Include="multi_light.frag">
      <Filter>Unused files</Filter>
    </None>
    <None Include="multi_light.vert">
      <Filter>Unused files</Filter>
    </None>
    <None Include="OpenGL.props">
      <Filter>Unused files</Filter>
    </None>
    <None Include="scene.json">
      <Filter>Unused files</Filter>
    </None>
    <None Include="scene2.json">
      <Filter>Unused files</Filter>
    </None>
    <None Include="StackOfCubes.json">
      <Filter>Unused files</Filter>
    </None>
    <None Include="star.tga">
      <Filter>Unused files</Filter>
    </None>
    <None Include="starfield.frag">
      <Filter>Unused files</Filter>
    </None>
    <None Include="starfield.vert">
      <Filter>Unused files</Filter>
    </None>
    <None Include="tarnished.frag">
      <Filter>Unused files</Filter>
    </None>
    <None Include="tarnished.vert">
      <Filter>Unused files</Filter>
    </None>
    <None Include="texture.frag">
      <Filter>Unused files</Filter>
    </None>
    <None Include="texture.vert">
      <Filter>Unused files</Filter>
    </None>
    <None Include="CourseWork.json">
      <Filter>Shaders and JSON files</Filter>
    </None>
    <None Include="Sepia.frag">
      <Filter>Shaders and JSON files</Filter>
    </None>
    <None Include="Insturctions.json">
      <Filter>Shaders and JSON files</Filter>
    </None>
    <None Include="Negative.frag">
      <Filter>Shaders and JSON files</Filter>
    </None>
    <None Include="NightPostProc.frag">
      <Filter>Shaders and JSON files</Filter>
    </None>
    <None Include="NoPostProc.frag">
      <Filter>Shaders and JSON files</Filter>
    </None>
    <None Include="ParkBench.json">
      <Filter>Shaders and JSON files</Filter>
    </None>
  </ItemGroup>
  <ItemGroup>
    <ClCompile Include="camera.cpp">
      <Filter>Source Files</Filter>
    </ClCompile>
    <ClCompile Include="cubemap.cpp">
      <Filter>Source Files</Filter>
    </ClCompile>
    <ClCompile Include="effect.cpp">
      <Filter>Source Files</Filter>
    </ClCompile>
    <ClCompile Include="frame_buffer.cpp">
      <Filter>Source Files</Filter>
    </ClCompile>
    <ClCompile Include="geometry.cpp">
      <Filter>Source Files</Filter>
    </ClCompile>
    <ClCompile Include="main.cpp">
      <Filter>Source Files</Filter>
    </ClCompile>
    <ClCompile Include="point_sprite.cpp">
      <Filter>Source Files</Filter>
    </ClCompile>
    <ClCompile Include="post_process.cpp">
      <Filter>Source Files</Filter>
    </ClCompile>
    <ClCompile Include="scene.cpp">
      <Filter>Source Files</Filter>
    </ClCompile>
    <ClCompile Include="skybox.cpp">
      <Filter>Source Files</Filter>
    </ClCompile>
    <ClCompile Include="texture.cpp">
      <Filter>Source Files</Filter>
    </ClCompile>
    <ClCompile Include="util.cpp">
      <Filter>Source Files</Filter>
    </ClCompile>
    <ClCompile Include="fireworks.cpp">
      <Filter>Source Files</Filter>
    </ClCompile>
  </ItemGroup>
  <ItemGroup>
    <ClInclude Include="camera.h">
      <Filter>Header Files</Filter>
    </ClInclude>
    <ClInclude Include="cubemap.h">
      <Filter>Header Files</Filter>
    </ClInclude>
    <ClInclude Include="effect.h">
      <Filter>Header Files</Filter>
    </ClInclude>
    <ClInclude Include="frame_buffer.h">
      <Filter>Header Files</Filter>
    </ClInclude>
    <ClInclude Include="geometry.h">
      <Filter>Header Files</Filter>
    </ClInclude>
    <ClInclude Include="light.h">
      <Filter>Header Files</Filter>
    </ClInclude>
    <ClInclude Include="material.h">
      <Filter>Header Files</Filter>
    </ClInclude>
    <ClInclude Include="Point_sprite.h">
      <Filter>Header Files</Filter>
    </ClInclude>
    <ClInclude Include="post_process.h">
      <Filter>Header Files</Filter>
    </ClInclude>
    <ClInclude Include="render_object.h">
      <Filter>Header Files</Filter>
    </ClInclude>
    <ClInclude Include="scene.h">
      <Filter>Header Files</Filter>
    </ClInclude>
    <ClInclude Include="skybox.h">
      <Filter>Header Files</Filter>
    </ClInclude>
    <ClInclude Include="texture.h">
      <Filter>Header Files</Filter>
    </ClInclude>
    <ClInclude Include="Transform.h">
      <Filter>Header Files</Filter>
    </ClInclude>
    <ClInclude Include="util.h">
      <Filter>Header Files</Filter>
    </ClInclude>
    <ClInclude Include="fireworks.h">
      <Filter>Header Files</Filter>
    </ClInclude>
  </ItemGroup>
</Project>