
Microsoft Visual Studio Solution File, Format Version 11.00
# Visual Studio 2010
Project("{8BC9CEB8-8B4A-11D0-8D11-00A0C91BC942}") = "Chapter 1_01", "Chapter 1_01\Chapter 1_01.vcxproj", "{3DD2B73F-326F-494A-A0FD-7B115A664DBB}"
EndProject
Global
	GlobalSection(SolutionConfigurationPlatforms) = preSolution
		Debug|Win32 = Debug|Win32
		Release|Win32 = Release|Win32
	EndGlobalSection
	GlobalSection(ProjectConfigurationPlatforms) = postSolution
		{3DD2B73F-326F-494A-A0FD-7B115A664DBB}.Debug|Win32.ActiveCfg = Debug|Win32
		{3DD2B73F-326F-494A-A0FD-7B115A664DBB}.Debug|Win32.Build.0 = Debug|Win32
		{3DD2B73F-326F-494A-A0FD-7B115A664DBB}.Release|Win32.ActiveCfg = Release|Win32
		{3DD2B73F-326F-494A-A0FD-7B115A664DBB}.Release|Win32.Build.0 = Release|Win32
	EndGlobalSection
	GlobalSection(SolutionProperties) = preSolution
		HideSolutionNode = FALSE
	EndGlobalSection
EndGlobal
