
Microsoft Visual Studio Solution File, Format Version 11.00
# Visual Studio 2010
Project("{8BC9CEB8-8B4A-11D0-8D11-00A0C91BC942}") = "Project 36_01", "Project 36_01\Project 36_01.vcxproj", "{363F8818-625E-4977-BF38-21C2E27321EB}"
EndProject
Project("{8BC9CEB8-8B4A-11D0-8D11-00A0C91BC942}") = "Project 39_01", "Project 39_01\Project 39_01.vcxproj", "{15005939-A68D-4CBF-8BCB-A705D2981BEA}"
EndProject
Project("{8BC9CEB8-8B4A-11D0-8D11-00A0C91BC942}") = "Project 40_01", "Project 40_01\Project 40_01.vcxproj", "{F49950EE-56FF-461B-901D-51F22E4D43D6}"
EndProject
Global
	GlobalSection(SolutionConfigurationPlatforms) = preSolution
		Debug|Win32 = Debug|Win32
		Release|Win32 = Release|Win32
	EndGlobalSection
	GlobalSection(ProjectConfigurationPlatforms) = postSolution
		{363F8818-625E-4977-BF38-21C2E27321EB}.Debug|Win32.ActiveCfg = Debug|Win32
		{363F8818-625E-4977-BF38-21C2E27321EB}.Debug|Win32.Build.0 = Debug|Win32
		{363F8818-625E-4977-BF38-21C2E27321EB}.Release|Win32.ActiveCfg = Release|Win32
		{363F8818-625E-4977-BF38-21C2E27321EB}.Release|Win32.Build.0 = Release|Win32
		{15005939-A68D-4CBF-8BCB-A705D2981BEA}.Debug|Win32.ActiveCfg = Debug|Win32
		{15005939-A68D-4CBF-8BCB-A705D2981BEA}.Debug|Win32.Build.0 = Debug|Win32
		{15005939-A68D-4CBF-8BCB-A705D2981BEA}.Release|Win32.ActiveCfg = Release|Win32
		{15005939-A68D-4CBF-8BCB-A705D2981BEA}.Release|Win32.Build.0 = Release|Win32
		{F49950EE-56FF-461B-901D-51F22E4D43D6}.Debug|Win32.ActiveCfg = Debug|Win32
		{F49950EE-56FF-461B-901D-51F22E4D43D6}.Debug|Win32.Build.0 = Debug|Win32
		{F49950EE-56FF-461B-901D-51F22E4D43D6}.Release|Win32.ActiveCfg = Release|Win32
		{F49950EE-56FF-461B-901D-51F22E4D43D6}.Release|Win32.Build.0 = Release|Win32
	EndGlobalSection
	GlobalSection(SolutionProperties) = preSolution
		HideSolutionNode = FALSE
	EndGlobalSection
EndGlobal
