
Microsoft Visual Studio Solution File, Format Version 11.00
# Visual Studio 2010
Project("{8BC9CEB8-8B4A-11D0-8D11-00A0C91BC942}") = "Project  51_01", "Project  51_01\Project  51_01.vcxproj", "{E0CDD810-8AC0-4856-8B9C-3F762FAC41DC}"
EndProject
Project("{8BC9CEB8-8B4A-11D0-8D11-00A0C91BC942}") = "Project 52_01", "Project 52_01\Project 52_01.vcxproj", "{09E9EEFB-4603-4246-BDAF-DC01277EC6C6}"
EndProject
Project("{8BC9CEB8-8B4A-11D0-8D11-00A0C91BC942}") = "project 53_01", "project 53_01\project 53_01.vcxproj", "{4A961DCE-1796-401F-8620-356345E74805}"
EndProject
Project("{8BC9CEB8-8B4A-11D0-8D11-00A0C91BC942}") = "Project 54_01", "Project 54_01\Project 54_01.vcxproj", "{1E9F9ECA-592C-4803-B048-BF3F6A1B04E2}"
EndProject
Project("{8BC9CEB8-8B4A-11D0-8D11-00A0C91BC942}") = "Project 55_01", "Project 55_01\Project 55_01.vcxproj", "{AAC735ED-7E8F-4DF6-A635-824CBC253B19}"
EndProject
Global
	GlobalSection(SolutionConfigurationPlatforms) = preSolution
		Debug|Win32 = Debug|Win32
		Release|Win32 = Release|Win32
	EndGlobalSection
	GlobalSection(ProjectConfigurationPlatforms) = postSolution
		{E0CDD810-8AC0-4856-8B9C-3F762FAC41DC}.Debug|Win32.ActiveCfg = Debug|Win32
		{E0CDD810-8AC0-4856-8B9C-3F762FAC41DC}.Debug|Win32.Build.0 = Debug|Win32
		{E0CDD810-8AC0-4856-8B9C-3F762FAC41DC}.Release|Win32.ActiveCfg = Release|Win32
		{E0CDD810-8AC0-4856-8B9C-3F762FAC41DC}.Release|Win32.Build.0 = Release|Win32
		{09E9EEFB-4603-4246-BDAF-DC01277EC6C6}.Debug|Win32.ActiveCfg = Debug|Win32
		{09E9EEFB-4603-4246-BDAF-DC01277EC6C6}.Debug|Win32.Build.0 = Debug|Win32
		{09E9EEFB-4603-4246-BDAF-DC01277EC6C6}.Release|Win32.ActiveCfg = Release|Win32
		{09E9EEFB-4603-4246-BDAF-DC01277EC6C6}.Release|Win32.Build.0 = Release|Win32
		{4A961DCE-1796-401F-8620-356345E74805}.Debug|Win32.ActiveCfg = Debug|Win32
		{4A961DCE-1796-401F-8620-356345E74805}.Debug|Win32.Build.0 = Debug|Win32
		{4A961DCE-1796-401F-8620-356345E74805}.Release|Win32.ActiveCfg = Release|Win32
		{4A961DCE-1796-401F-8620-356345E74805}.Release|Win32.Build.0 = Release|Win32
		{1E9F9ECA-592C-4803-B048-BF3F6A1B04E2}.Debug|Win32.ActiveCfg = Debug|Win32
		{1E9F9ECA-592C-4803-B048-BF3F6A1B04E2}.Debug|Win32.Build.0 = Debug|Win32
		{1E9F9ECA-592C-4803-B048-BF3F6A1B04E2}.Release|Win32.ActiveCfg = Release|Win32
		{1E9F9ECA-592C-4803-B048-BF3F6A1B04E2}.Release|Win32.Build.0 = Release|Win32
		{AAC735ED-7E8F-4DF6-A635-824CBC253B19}.Debug|Win32.ActiveCfg = Debug|Win32
		{AAC735ED-7E8F-4DF6-A635-824CBC253B19}.Debug|Win32.Build.0 = Debug|Win32
		{AAC735ED-7E8F-4DF6-A635-824CBC253B19}.Release|Win32.ActiveCfg = Release|Win32
		{AAC735ED-7E8F-4DF6-A635-824CBC253B19}.Release|Win32.Build.0 = Release|Win32
	EndGlobalSection
	GlobalSection(SolutionProperties) = preSolution
		HideSolutionNode = FALSE
	EndGlobalSection
EndGlobal
